
Microsoft Visual Studio Solution File, Format Version 12.00
# Visual Studio Version 16
VisualStudioVersion = 16.0.33214.272
MinimumVisualStudioVersion = 10.0.40219.1
Project("{9A19103F-16F7-4668-BE54-9A1E7A4F7556}") = "ServiceBasedRabbit.Infrastructure", "ServiceBasedRabbit.Infrastructure\ServiceBasedRabbit.Infrastructure.csproj", "{5DCF09E5-33E4-492B-A6A8-DCB4E6D0E6CB}"
EndProject
Project("{9A19103F-16F7-4668-BE54-9A1E7A4F7556}") = "ServiceBasedRabbit.Api", "ServiceBasedRabbit.Api\ServiceBasedRabbit.Api.csproj", "{6A60E35C-10CF-4356-9CF2-20A632F46A6F}"
EndProject
Global
	GlobalSection(SolutionConfigurationPlatforms) = preSolution
		Debug|Any CPU = Debug|Any CPU
		Release|Any CPU = Release|Any CPU
	EndGlobalSection
	GlobalSection(ProjectConfigurationPlatforms) = postSolution
		{5DCF09E5-33E4-492B-A6A8-DCB4E6D0E6CB}.Debug|Any CPU.ActiveCfg = Debug|Any CPU
		{5DCF09E5-33E4-492B-A6A8-DCB4E6D0E6CB}.Debug|Any CPU.Build.0 = Debug|Any CPU
		{5DCF09E5-33E4-492B-A6A8-DCB4E6D0E6CB}.Release|Any CPU.ActiveCfg = Release|Any CPU
		{5DCF09E5-33E4-492B-A6A8-DCB4E6D0E6CB}.Release|Any CPU.Build.0 = Release|Any CPU
		{6A60E35C-10CF-4356-9CF2-20A632F46A6F}.Debug|Any CPU.ActiveCfg = Debug|Any CPU
		{6A60E35C-10CF-4356-9CF2-20A632F46A6F}.Debug|Any CPU.Build.0 = Debug|Any CPU
		{6A60E35C-10CF-4356-9CF2-20A632F46A6F}.Release|Any CPU.ActiveCfg = Release|Any CPU
		{6A60E35C-10CF-4356-9CF2-20A632F46A6F}.Release|Any CPU.Build.0 = Release|Any CPU
	EndGlobalSection
	GlobalSection(SolutionProperties) = preSolution
		HideSolutionNode = FALSE
	EndGlobalSection
	GlobalSection(ExtensibilityGlobals) = postSolution
		SolutionGuid = {D8041582-6F56-47DA-8345-68F379576009}
	EndGlobalSection
EndGlobal
